// !$*UTF8*$!
{
	archiveVersion = 1;
	classes = {
	};
	objectVersion = 46;
	objects = {

/* Begin PBXBuildFile section */
		1F4A2CDD1E307C8000C45AFB /* AppDelegate.swift in Sources */ = {isa = PBXBuildFile; fileRef = 1F4A2CDC1E307C8000C45AFB /* AppDelegate.swift */; };
		1F4A2CDF1E307C8000C45AFB /* ViewController.swift in Sources */ = {isa = PBXBuildFile; fileRef = 1F4A2CDE1E307C8000C45AFB /* ViewController.swift */; };
		1F4A2CE21E307C8000C45AFB /* Main.storyboard in Resources */ = {isa = PBXBuildFile; fileRef = 1F4A2CE01E307C8000C45AFB /* Main.storyboard */; };
		1F4A2CE41E307C8000C45AFB /* Assets.xcassets in Resources */ = {isa = PBXBuildFile; fileRef = 1F4A2CE31E307C8000C45AFB /* Assets.xcassets */; };
		1F4A2CE71E307C8000C45AFB /* LaunchScreen.storyboard in Resources */ = {isa = PBXBuildFile; fileRef = 1F4A2CE51E307C8000C45AFB /* LaunchScreen.storyboard */; };
		1F4A2CEF1E307CE200C45AFB /* GoogleService-Info.plist in Resources */ = {isa = PBXBuildFile; fileRef = 1F4A2CEE1E307CE200C45AFB /* GoogleService-Info.plist */; };
		1F95E7261E30861900F030C3 /* GeoFire.m in Sources */ = {isa = PBXBuildFile; fileRef = 1F95E71D1E30861900F030C3 /* GeoFire.m */; };
		1F95E7271E30861900F030C3 /* GFBase32Utils.m in Sources */ = {isa = PBXBuildFile; fileRef = 1F95E71F1E30861900F030C3 /* GFBase32Utils.m */; };
		1F95E7281E30861900F030C3 /* GFGeoHash.m in Sources */ = {isa = PBXBuildFile; fileRef = 1F95E7211E30861900F030C3 /* GFGeoHash.m */; };
		1F95E7291E30861900F030C3 /* GFGeoHashQuery.m in Sources */ = {isa = PBXBuildFile; fileRef = 1F95E7231E30861900F030C3 /* GFGeoHashQuery.m */; };
		1F95E72A1E30861900F030C3 /* GFQuery.m in Sources */ = {isa = PBXBuildFile; fileRef = 1F95E7251E30861900F030C3 /* GFQuery.m */; };
		1F95E72F1E3094BE00F030C3 /* PokemonAnnotation.swift in Sources */ = {isa = PBXBuildFile; fileRef = 1F95E72E1E3094BE00F030C3 /* PokemonAnnotation.swift */; };
		5A480973ABCF34A0116DB9C3 /* Pods_PokeSearch.framework in Frameworks */ = {isa = PBXBuildFile; fileRef = C274174F7FB06E467DFDCFF5 /* Pods_PokeSearch.framework */; };
/* End PBXBuildFile section */

/* Begin PBXFileReference section */
		1F4A2CD91E307C8000C45AFB /* PokeSearch.app */ = {isa = PBXFileReference; explicitFileType = wrapper.application; includeInIndex = 0; path = PokeSearch.app; sourceTree = BUILT_PRODUCTS_DIR; };
		1F4A2CDC1E307C8000C45AFB /* AppDelegate.swift */ = {isa = PBXFileReference; lastKnownFileType = sourcecode.swift; path = AppDelegate.swift; sourceTree = "<group>"; };
		1F4A2CDE1E307C8000C45AFB /* ViewController.swift */ = {isa = PBXFileReference; lastKnownFileType = sourcecode.swift; path = ViewController.swift; sourceTree = "<group>"; };
		1F4A2CE11E307C8000C45AFB /* Base */ = {isa = PBXFileReference; lastKnownFileType = file.storyboard; name = Base; path = Base.lproj/Main.storyboard; sourceTree = "<group>"; };
		1F4A2CE31E307C8000C45AFB /* Assets.xcassets */ = {isa = PBXFileReference; lastKnownFileType = folder.assetcatalog; path = Assets.xcassets; sourceTree = "<group>"; };
		1F4A2CE61E307C8000C45AFB /* Base */ = {isa = PBXFileReference; lastKnownFileType = file.storyboard; name = Base; path = Base.lproj/LaunchScreen.storyboard; sourceTree = "<group>"; };
		1F4A2CE81E307C8000C45AFB /* Info.plist */ = {isa = PBXFileReference; lastKnownFileType = text.plist.xml; path = Info.plist; sourceTree = "<group>"; };
		1F4A2CEE1E307CE200C45AFB /* GoogleService-Info.plist */ = {isa = PBXFileReference; fileEncoding = 4; lastKnownFileType = text.plist.xml; path = "GoogleService-Info.plist"; sourceTree = "<group>"; };
		1F769E5C1E9D13E50037CBEE /* PokeSearch-Bridging-Header.h */ = {isa = PBXFileReference; lastKnownFileType = sourcecode.c.h; path = "PokeSearch-Bridging-Header.h"; sourceTree = "<group>"; };
		1F95E6261E30811600F030C3 /* XCTest.framework */ = {isa = PBXFileReference; lastKnownFileType = wrapper.framework; name = XCTest.framework; path = Platforms/iPhoneOS.platform/Developer/Library/Frameworks/XCTest.framework; sourceTree = DEVELOPER_DIR; };
		1F95E7161E30861900F030C3 /* GeoFire.h */ = {isa = PBXFileReference; fileEncoding = 4; lastKnownFileType = sourcecode.c.h; path = GeoFire.h; sourceTree = "<group>"; };
		1F95E7171E30861900F030C3 /* GFCircleQuery.h */ = {isa = PBXFileReference; fileEncoding = 4; lastKnownFileType = sourcecode.c.h; path = GFCircleQuery.h; sourceTree = "<group>"; };
		1F95E7181E30861900F030C3 /* GFQuery.h */ = {isa = PBXFileReference; fileEncoding = 4; lastKnownFileType = sourcecode.c.h; path = GFQuery.h; sourceTree = "<group>"; };
		1F95E7191E30861900F030C3 /* GFRegionQuery.h */ = {isa = PBXFileReference; fileEncoding = 4; lastKnownFileType = sourcecode.c.h; path = GFRegionQuery.h; sourceTree = "<group>"; };
		1F95E71A1E30861900F030C3 /* GeoFire-Prefix.pch */ = {isa = PBXFileReference; fileEncoding = 4; lastKnownFileType = sourcecode.c.h; path = "GeoFire-Prefix.pch"; sourceTree = "<group>"; };
		1F95E71C1E30861900F030C3 /* GeoFire+Private.h */ = {isa = PBXFileReference; fileEncoding = 4; lastKnownFileType = sourcecode.c.h; path = "GeoFire+Private.h"; sourceTree = "<group>"; };
		1F95E71D1E30861900F030C3 /* GeoFire.m */ = {isa = PBXFileReference; fileEncoding = 4; lastKnownFileType = sourcecode.c.objc; path = GeoFire.m; sourceTree = "<group>"; };
		1F95E71E1E30861900F030C3 /* GFBase32Utils.h */ = {isa = PBXFileReference; fileEncoding = 4; lastKnownFileType = sourcecode.c.h; path = GFBase32Utils.h; sourceTree = "<group>"; };
		1F95E71F1E30861900F030C3 /* GFBase32Utils.m */ = {isa = PBXFileReference; fileEncoding = 4; lastKnownFileType = sourcecode.c.objc; path = GFBase32Utils.m; sourceTree = "<group>"; };
		1F95E7201E30861900F030C3 /* GFGeoHash.h */ = {isa = PBXFileReference; fileEncoding = 4; lastKnownFileType = sourcecode.c.h; path = GFGeoHash.h; sourceTree = "<group>"; };
		1F95E7211E30861900F030C3 /* GFGeoHash.m */ = {isa = PBXFileReference; fileEncoding = 4; lastKnownFileType = sourcecode.c.objc; path = GFGeoHash.m; sourceTree = "<group>"; };
		1F95E7221E30861900F030C3 /* GFGeoHashQuery.h */ = {isa = PBXFileReference; fileEncoding = 4; lastKnownFileType = sourcecode.c.h; path = GFGeoHashQuery.h; sourceTree = "<group>"; };
		1F95E7231E30861900F030C3 /* GFGeoHashQuery.m */ = {isa = PBXFileReference; fileEncoding = 4; lastKnownFileType = sourcecode.c.objc; path = GFGeoHashQuery.m; sourceTree = "<group>"; };
		1F95E7241E30861900F030C3 /* GFQuery+Private.h */ = {isa = PBXFileReference; fileEncoding = 4; lastKnownFileType = sourcecode.c.h; path = "GFQuery+Private.h"; sourceTree = "<group>"; };
		1F95E7251E30861900F030C3 /* GFQuery.m */ = {isa = PBXFileReference; fileEncoding = 4; lastKnownFileType = sourcecode.c.objc; path = GFQuery.m; sourceTree = "<group>"; };
		1F95E72E1E3094BE00F030C3 /* PokemonAnnotation.swift */ = {isa = PBXFileReference; fileEncoding = 4; lastKnownFileType = sourcecode.swift; path = PokemonAnnotation.swift; sourceTree = "<group>"; };
		37C075BDE68C0F6830F1B2FC /* Pods-PokeSearch.debug.xcconfig */ = {isa = PBXFileReference; includeInIndex = 1; lastKnownFileType = text.xcconfig; name = "Pods-PokeSearch.debug.xcconfig"; path = "Pods/Target Support Files/Pods-PokeSearch/Pods-PokeSearch.debug.xcconfig"; sourceTree = "<group>"; };
		867EF90373FE60E1DDF4E221 /* Pods-PokeSearch.release.xcconfig */ = {isa = PBXFileReference; includeInIndex = 1; lastKnownFileType = text.xcconfig; name = "Pods-PokeSearch.release.xcconfig"; path = "Pods/Target Support Files/Pods-PokeSearch/Pods-PokeSearch.release.xcconfig"; sourceTree = "<group>"; };
		C274174F7FB06E467DFDCFF5 /* Pods_PokeSearch.framework */ = {isa = PBXFileReference; explicitFileType = wrapper.framework; includeInIndex = 0; path = Pods_PokeSearch.framework; sourceTree = BUILT_PRODUCTS_DIR; };
/* End PBXFileReference section */

/* Begin PBXFrameworksBuildPhase section */
		1F4A2CD61E307C8000C45AFB /* Frameworks */ = {
			isa = PBXFrameworksBuildPhase;
			buildActionMask = 2147483647;
			files = (
				5A480973ABCF34A0116DB9C3 /* Pods_PokeSearch.framework in Frameworks */,
			);
			runOnlyForDeploymentPostprocessing = 0;
		};
/* End PBXFrameworksBuildPhase section */

/* Begin PBXGroup section */
		1F4A2CD01E307C8000C45AFB = {
			isa = PBXGroup;
			children = (
				1F4A2CDB1E307C8000C45AFB /* PokeSearch */,
				1F4A2CDA1E307C8000C45AFB /* Products */,
				EF15896F115FDB64441B6204 /* Pods */,
				E2CB24CB358FC04B670693EF /* Frameworks */,
			);
			sourceTree = "<group>";
		};
		1F4A2CDA1E307C8000C45AFB /* Products */ = {
			isa = PBXGroup;
			children = (
				1F4A2CD91E307C8000C45AFB /* PokeSearch.app */,
			);
			name = Products;
			sourceTree = "<group>";
		};
		1F4A2CDB1E307C8000C45AFB /* PokeSearch */ = {
			isa = PBXGroup;
			children = (
				1F95E72D1E30946F00F030C3 /* Model */,
				1F95E72C1E30946800F030C3 /* Controller */,
				1F4A2CDC1E307C8000C45AFB /* AppDelegate.swift */,
				1F4A2CE01E307C8000C45AFB /* Main.storyboard */,
				1F4A2CE81E307C8000C45AFB /* Info.plist */,
				1F4A2CEE1E307CE200C45AFB /* GoogleService-Info.plist */,
				1F4A2CE31E307C8000C45AFB /* Assets.xcassets */,
				1F4A2CE51E307C8000C45AFB /* LaunchScreen.storyboard */,
				1F95E7141E30861900F030C3 /* GeoFire */,
			);
			path = PokeSearch;
			sourceTree = "<group>";
		};
		1F95E7141E30861900F030C3 /* GeoFire */ = {
			isa = PBXGroup;
			children = (
				1F95E7151E30861900F030C3 /* API */,
				1F95E71A1E30861900F030C3 /* GeoFire-Prefix.pch */,
				1F95E71B1E30861900F030C3 /* Implementation */,
			);
			path = GeoFire;
			sourceTree = "<group>";
		};
		1F95E7151E30861900F030C3 /* API */ = {
			isa = PBXGroup;
			children = (
				1F95E7161E30861900F030C3 /* GeoFire.h */,
				1F95E7171E30861900F030C3 /* GFCircleQuery.h */,
				1F95E7181E30861900F030C3 /* GFQuery.h */,
				1F95E7191E30861900F030C3 /* GFRegionQuery.h */,
				1F769E5C1E9D13E50037CBEE /* PokeSearch-Bridging-Header.h */,
			);
			path = API;
			sourceTree = "<group>";
		};
		1F95E71B1E30861900F030C3 /* Implementation */ = {
			isa = PBXGroup;
			children = (
				1F95E71C1E30861900F030C3 /* GeoFire+Private.h */,
				1F95E71D1E30861900F030C3 /* GeoFire.m */,
				1F95E71E1E30861900F030C3 /* GFBase32Utils.h */,
				1F95E71F1E30861900F030C3 /* GFBase32Utils.m */,
				1F95E7201E30861900F030C3 /* GFGeoHash.h */,
				1F95E7211E30861900F030C3 /* GFGeoHash.m */,
				1F95E7221E30861900F030C3 /* GFGeoHashQuery.h */,
				1F95E7231E30861900F030C3 /* GFGeoHashQuery.m */,
				1F95E7241E30861900F030C3 /* GFQuery+Private.h */,
				1F95E7251E30861900F030C3 /* GFQuery.m */,
			);
			path = Implementation;
			sourceTree = "<group>";
		};
		1F95E72C1E30946800F030C3 /* Controller */ = {
			isa = PBXGroup;
			children = (
				1F4A2CDE1E307C8000C45AFB /* ViewController.swift */,
			);
			name = Controller;
			sourceTree = "<group>";
		};
		1F95E72D1E30946F00F030C3 /* Model */ = {
			isa = PBXGroup;
			children = (
				1F95E72E1E3094BE00F030C3 /* PokemonAnnotation.swift */,
			);
			name = Model;
			sourceTree = "<group>";
		};
		E2CB24CB358FC04B670693EF /* Frameworks */ = {
			isa = PBXGroup;
			children = (
				1F95E6261E30811600F030C3 /* XCTest.framework */,
				C274174F7FB06E467DFDCFF5 /* Pods_PokeSearch.framework */,
			);
			name = Frameworks;
			sourceTree = "<group>";
		};
		EF15896F115FDB64441B6204 /* Pods */ = {
			isa = PBXGroup;
			children = (
				37C075BDE68C0F6830F1B2FC /* Pods-PokeSearch.debug.xcconfig */,
				867EF90373FE60E1DDF4E221 /* Pods-PokeSearch.release.xcconfig */,
			);
			name = Pods;
			sourceTree = "<group>";
		};
/* End PBXGroup section */

/* Begin PBXNativeTarget section */
		1F4A2CD81E307C8000C45AFB /* PokeSearch */ = {
			isa = PBXNativeTarget;
			buildConfigurationList = 1F4A2CEB1E307C8000C45AFB /* Build configuration list for PBXNativeTarget "PokeSearch" */;
			buildPhases = (
				C44A37E9560322E48BA2E255 /* 📦 Check Pods Manifest.lock */,
				1F4A2CD51E307C8000C45AFB /* Sources */,
				1F4A2CD61E307C8000C45AFB /* Frameworks */,
				1F4A2CD71E307C8000C45AFB /* Resources */,
				A78B7A7ED358DA75F64FF726 /* 📦 Embed Pods Frameworks */,
				36B1E01F7DC8964934636C79 /* 📦 Copy Pods Resources */,
			);
			buildRules = (
			);
			dependencies = (
			);
			name = PokeSearch;
			productName = PokeSearch;
			productReference = 1F4A2CD91E307C8000C45AFB /* PokeSearch.app */;
			productType = "com.apple.product-type.application";
		};
/* End PBXNativeTarget section */

/* Begin PBXProject section */
		1F4A2CD11E307C8000C45AFB /* Project object */ = {
			isa = PBXProject;
			attributes = {
				LastSwiftUpdateCheck = 0820;
				LastUpgradeCheck = 0820;
				ORGANIZATIONNAME = DevPro;
				TargetAttributes = {
					1F4A2CD81E307C8000C45AFB = {
						CreatedOnToolsVersion = 8.2.1;
						DevelopmentTeam = T5X6AQ5A7M;
						ProvisioningStyle = Automatic;
					};
				};
			};
			buildConfigurationList = 1F4A2CD41E307C8000C45AFB /* Build configuration list for PBXProject "PokeSearch" */;
			compatibilityVersion = "Xcode 3.2";
			developmentRegion = English;
			hasScannedForEncodings = 0;
			knownRegions = (
				en,
				Base,
			);
			mainGroup = 1F4A2CD01E307C8000C45AFB;
			productRefGroup = 1F4A2CDA1E307C8000C45AFB /* Products */;
			projectDirPath = "";
			projectRoot = "";
			targets = (
				1F4A2CD81E307C8000C45AFB /* PokeSearch */,
			);
		};
/* End PBXProject section */

/* Begin PBXResourcesBuildPhase section */
		1F4A2CD71E307C8000C45AFB /* Resources */ = {
			isa = PBXResourcesBuildPhase;
			buildActionMask = 2147483647;
			files = (
				1F4A2CE71E307C8000C45AFB /* LaunchScreen.storyboard in Resources */,
				1F4A2CEF1E307CE200C45AFB /* GoogleService-Info.plist in Resources */,
				1F4A2CE41E307C8000C45AFB /* Assets.xcassets in Resources */,
				1F4A2CE21E307C8000C45AFB /* Main.storyboard in Resources */,
			);
			runOnlyForDeploymentPostprocessing = 0;
		};
/* End PBXResourcesBuildPhase section */

/* Begin PBXShellScriptBuildPhase section */
		36B1E01F7DC8964934636C79 /* 📦 Copy Pods Resources */ = {
			isa = PBXShellScriptBuildPhase;
			buildActionMask = 2147483647;
			files = (
			);
			inputPaths = (
			);
			name = "📦 Copy Pods Resources";
			outputPaths = (
			);
			runOnlyForDeploymentPostprocessing = 0;
			shellPath = /bin/sh;
			shellScript = "\"${SRCROOT}/Pods/Target Support Files/Pods-PokeSearch/Pods-PokeSearch-resources.sh\"\n";
			showEnvVarsInLog = 0;
		};
		A78B7A7ED358DA75F64FF726 /* 📦 Embed Pods Frameworks */ = {
			isa = PBXShellScriptBuildPhase;
			buildActionMask = 2147483647;
			files = (
			);
			inputPaths = (
			);
			name = "📦 Embed Pods Frameworks";
			outputPaths = (
			);
			runOnlyForDeploymentPostprocessing = 0;
			shellPath = /bin/sh;
			shellScript = "\"${SRCROOT}/Pods/Target Support Files/Pods-PokeSearch/Pods-PokeSearch-frameworks.sh\"\n";
			showEnvVarsInLog = 0;
		};
		C44A37E9560322E48BA2E255 /* 📦 Check Pods Manifest.lock */ = {
			isa = PBXShellScriptBuildPhase;
			buildActionMask = 2147483647;
			files = (
			);
			inputPaths = (
			);
			name = "📦 Check Pods Manifest.lock";
			outputPaths = (
			);
			runOnlyForDeploymentPostprocessing = 0;
			shellPath = /bin/sh;
			shellScript = "diff \"${PODS_ROOT}/../Podfile.lock\" \"${PODS_ROOT}/Manifest.lock\" > /dev/null\nif [[ $? != 0 ]] ; then\n    cat << EOM\nerror: The sandbox is not in sync with the Podfile.lock. Run 'pod install' or update your CocoaPods installation.\nEOM\n    exit 1\nfi\n";
			showEnvVarsInLog = 0;
		};
/* End PBXShellScriptBuildPhase section */

/* Begin PBXSourcesBuildPhase section */
		1F4A2CD51E307C8000C45AFB /* Sources */ = {
			isa = PBXSourcesBuildPhase;
			buildActionMask = 2147483647;
			files = (
				1F95E7271E30861900F030C3 /* GFBase32Utils.m in Sources */,
				1F4A2CDF1E307C8000C45AFB /* ViewController.swift in Sources */,
				1F95E7281E30861900F030C3 /* GFGeoHash.m in Sources */,
				1F4A2CDD1E307C8000C45AFB /* AppDelegate.swift in Sources */,
				1F95E7261E30861900F030C3 /* GeoFire.m in Sources */,
				1F95E7291E30861900F030C3 /* GFGeoHashQuery.m in Sources */,
				1F95E72F1E3094BE00F030C3 /* PokemonAnnotation.swift in Sources */,
				1F95E72A1E30861900F030C3 /* GFQuery.m in Sources */,
			);
			runOnlyForDeploymentPostprocessing = 0;
		};
/* End PBXSourcesBuildPhase section */

/* Begin PBXVariantGroup section */
		1F4A2CE01E307C8000C45AFB /* Main.storyboard */ = {
			isa = PBXVariantGroup;
			children = (
				1F4A2CE11E307C8000C45AFB /* Base */,
			);
			name = Main.storyboard;
			sourceTree = "<group>";
		};
		1F4A2CE51E307C8000C45AFB /* LaunchScreen.storyboard */ = {
			isa = PBXVariantGroup;
			children = (
				1F4A2CE61E307C8000C45AFB /* Base */,
			);
			name = LaunchScreen.storyboard;
			sourceTree = "<group>";
		};
/* End PBXVariantGroup section */

/* Begin XCBuildConfiguration section */
		1F4A2CE91E307C8000C45AFB /* Debug */ = {
			isa = XCBuildConfiguration;
			buildSettings = {
				ALWAYS_SEARCH_USER_PATHS = NO;
				CLANG_ANALYZER_NONNULL = YES;
				CLANG_CXX_LANGUAGE_STANDARD = "gnu++0x";
				CLANG_CXX_LIBRARY = "libc++";
				CLANG_ENABLE_MODULES = YES;
				CLANG_ENABLE_OBJC_ARC = YES;
				CLANG_WARN_BOOL_CONVERSION = YES;
				CLANG_WARN_CONSTANT_CONVERSION = YES;
				CLANG_WARN_DIRECT_OBJC_ISA_USAGE = YES_ERROR;
				CLANG_WARN_DOCUMENTATION_COMMENTS = YES;
				CLANG_WARN_EMPTY_BODY = YES;
				CLANG_WARN_ENUM_CONVERSION = YES;
				CLANG_WARN_INFINITE_RECURSION = YES;
				CLANG_WARN_INT_CONVERSION = YES;
				CLANG_WARN_OBJC_ROOT_CLASS = YES_ERROR;
				CLANG_WARN_SUSPICIOUS_MOVE = YES;
				CLANG_WARN_UNREACHABLE_CODE = YES;
				CLANG_WARN__DUPLICATE_METHOD_MATCH = YES;
				"CODE_SIGN_IDENTITY[sdk=iphoneos*]" = "iPhone Developer";
				COPY_PHASE_STRIP = NO;
				DEBUG_INFORMATION_FORMAT = dwarf;
				ENABLE_STRICT_OBJC_MSGSEND = YES;
				ENABLE_TESTABILITY = YES;
				GCC_C_LANGUAGE_STANDARD = gnu99;
				GCC_DYNAMIC_NO_PIC = NO;
				GCC_NO_COMMON_BLOCKS = YES;
				GCC_OPTIMIZATION_LEVEL = 0;
				GCC_PREPROCESSOR_DEFINITIONS = (
					"DEBUG=1",
					"$(inherited)",
				);
				GCC_WARN_64_TO_32_BIT_CONVERSION = YES;
				GCC_WARN_ABOUT_RETURN_TYPE = YES_ERROR;
				GCC_WARN_UNDECLARED_SELECTOR = YES;
				GCC_WARN_UNINITIALIZED_AUTOS = YES_AGGRESSIVE;
				GCC_WARN_UNUSED_FUNCTION = YES;
				GCC_WARN_UNUSED_VARIABLE = YES;
				IPHONEOS_DEPLOYMENT_TARGET = 10.2;
				MTL_ENABLE_DEBUG_INFO = YES;
				ONLY_ACTIVE_ARCH = YES;
				SDKROOT = iphoneos;
				SWIFT_ACTIVE_COMPILATION_CONDITIONS = DEBUG;
				SWIFT_OPTIMIZATION_LEVEL = "-Onone";
			};
			name = Debug;
		};
		1F4A2CEA1E307C8000C45AFB /* Release */ = {
			isa = XCBuildConfiguration;
			buildSettings = {
				ALWAYS_SEARCH_USER_PATHS = NO;
				CLANG_ANALYZER_NONNULL = YES;
				CLANG_CXX_LANGUAGE_STANDARD = "gnu++0x";
				CLANG_CXX_LIBRARY = "libc++";
				CLANG_ENABLE_MODULES = YES;
				CLANG_ENABLE_OBJC_ARC = YES;
				CLANG_WARN_BOOL_CONVERSION = YES;
				CLANG_WARN_CONSTANT_CONVERSION = YES;
				CLANG_WARN_DIRECT_OBJC_ISA_USAGE = YES_ERROR;
				CLANG_WARN_DOCUMENTATION_COMMENTS = YES;
				CLANG_WARN_EMPTY_BODY = YES;
				CLANG_WARN_ENUM_CONVERSION = YES;
				CLANG_WARN_INFINITE_RECURSION = YES;
				CLANG_WARN_INT_CONVERSION = YES;
				CLANG_WARN_OBJC_ROOT_CLASS = YES_ERROR;
				CLANG_WARN_SUSPICIOUS_MOVE = YES;
				CLANG_WARN_UNREACHABLE_CODE = YES;
				CLANG_WARN__DUPLICATE_METHOD_MATCH = YES;
				"CODE_SIGN_IDENTITY[sdk=iphoneos*]" = "iPhone Developer";
				COPY_PHASE_STRIP = NO;
				DEBUG_INFORMATION_FORMAT = "dwarf-with-dsym";
				ENABLE_NS_ASSERTIONS = NO;
				ENABLE_STRICT_OBJC_MSGSEND = YES;
				GCC_C_LANGUAGE_STANDARD = gnu99;
				GCC_NO_COMMON_BLOCKS = YES;
				GCC_WARN_64_TO_32_BIT_CONVERSION = YES;
				GCC_WARN_ABOUT_RETURN_TYPE = YES_ERROR;
				GCC_WARN_UNDECLARED_SELECTOR = YES;
				GCC_WARN_UNINITIALIZED_AUTOS = YES_AGGRESSIVE;
				GCC_WARN_UNUSED_FUNCTION = YES;
				GCC_WARN_UNUSED_VARIABLE = YES;
				IPHONEOS_DEPLOYMENT_TARGET = 10.2;
				MTL_ENABLE_DEBUG_INFO = NO;
				SDKROOT = iphoneos;
				SWIFT_OPTIMIZATION_LEVEL = "-Owholemodule";
				VALIDATE_PRODUCT = YES;
			};
			name = Release;
		};
		1F4A2CEC1E307C8000C45AFB /* Debug */ = {
			isa = XCBuildConfiguration;
			baseConfigurationReference = 37C075BDE68C0F6830F1B2FC /* Pods-PokeSearch.debug.xcconfig */;
			buildSettings = {
				ASSETCATALOG_COMPILER_APPICON_NAME = AppIcon;
				DEVELOPMENT_TEAM = T5X6AQ5A7M;
				INFOPLIST_FILE = PokeSearch/Info.plist;
				IPHONEOS_DEPLOYMENT_TARGET = 10.3;
				LD_RUNPATH_SEARCH_PATHS = "$(inherited) @executable_path/Frameworks";
				PRODUCT_BUNDLE_IDENTIFIER = com.DevPro.PokeSearch;
				PRODUCT_NAME = "$(TARGET_NAME)";
				SWIFT_OBJC_BRIDGING_HEADER = "$(SRCROOT)/$(PROJECT_NAME)/$(PROJECT_NAME)-Bridging-Header.h";
				SWIFT_VERSION = 3.0;
			};
			name = Debug;
		};
		1F4A2CED1E307C8000C45AFB /* Release */ = {
			isa = XCBuildConfiguration;
			baseConfigurationReference = 867EF90373FE60E1DDF4E221 /* Pods-PokeSearch.release.xcconfig */;
			buildSettings = {
				ASSETCATALOG_COMPILER_APPICON_NAME = AppIcon;
				DEVELOPMENT_TEAM = T5X6AQ5A7M;
				INFOPLIST_FILE = PokeSearch/Info.plist;
				IPHONEOS_DEPLOYMENT_TARGET = 10.3;
				LD_RUNPATH_SEARCH_PATHS = "$(inherited) @executable_path/Frameworks";
				PRODUCT_BUNDLE_IDENTIFIER = com.DevPro.PokeSearch;
				PRODUCT_NAME = "$(TARGET_NAME)";
				SWIFT_OBJC_BRIDGING_HEADER = "$(SRCROOT)/$(PROJECT_NAME)/$(PROJECT_NAME)-Bridging-Header.h";
				SWIFT_VERSION = 3.0;
			};
			name = Release;
		};
/* End XCBuildConfiguration section */

/* Begin XCConfigurationList section */
		1F4A2CD41E307C8000C45AFB /* Build configuration list for PBXProject "PokeSearch" */ = {
			isa = XCConfigurationList;
			buildConfigurations = (
				1F4A2CE91E307C8000C45AFB /* Debug */,
				1F4A2CEA1E307C8000C45AFB /* Release */,
			);
			defaultConfigurationIsVisible = 0;
			defaultConfigurationName = Release;
		};
		1F4A2CEB1E307C8000C45AFB /* Build configuration list for PBXNativeTarget "PokeSearch" */ = {
			isa = XCConfigurationList;
			buildConfigurations = (
				1F4A2CEC1E307C8000C45AFB /* Debug */,
				1F4A2CED1E307C8000C45AFB /* Release */,
			);
			defaultConfigurationIsVisible = 0;
			defaultConfigurationName = Release;
		};
/* End XCConfigurationList section */
	};
	rootObject = 1F4A2CD11E307C8000C45AFB /* Project object */;
}
